{
    "_readme": [
        "This file locks the dependencies of your project to a known state",
        "Read more about it at https://getcomposer.org/doc/01-basic-usage.md#installing-dependencies",
        "This file is @generated automatically"
    ],
    "content-hash": "86311b460d6dc739d7c7f947bb8a93e1",
    "packages": [
        {
            "name": "janmarek/webloader",
            "version": "2.2.0",
            "source": {
                "type": "git",
                "url": "https://github.com/janmarek/WebLoader.git",
                "reference": "5e62831fe7ba5779b97ebd0c23439dbcef80d102"
            },
            "dist": {
                "type": "zip",
                "url": "https://api.github.com/repos/janmarek/WebLoader/zipball/5e62831fe7ba5779b97ebd0c23439dbcef80d102",
                "reference": "5e62831fe7ba5779b97ebd0c23439dbcef80d102",
                "shasum": ""
            },
            "require": {
                "nette/nette": "~2.0@rc"
            },
            "require-dev": {
                "mockery/mockery": "0.7.*",
                "phpunit/phpunit": "3.7.*"
            },
            "suggest": {
                "leafo/lessphp": "Lessphp is a composer for LESS written in PHP."
            },
            "type": "library",
            "autoload": {
                "psr-0": {
                    "WebLoader": ""
                }
            },
            "notification-url": "https://packagist.org/downloads/",
            "license": [
                "MIT"
            ],
            "authors": [
                {
                    "name": "Jan Marek",
                    "email": "mail@janmarek.net"
                }
            ],
            "description": "Tool for loading or deploying CSS and JS files into web pages",
            "homepage": "http://addons.nette.org/cs/webloader",
            "keywords": [
                "assets",
                "css",
                "javascript",
                "nette",
                "webloader"
            ],
            "support": {
                "issues": "https://github.com/janmarek/WebLoader/issues",
                "source": "https://github.com/janmarek/WebLoader/tree/2.2.0"
            },
            "time": "2014-01-01T16:54:25+00:00"
        },
        {
            "name": "kdyby/autowired",
            "version": "v1.1.1",
            "source": {
                "type": "git",
                "url": "https://github.com/Kdyby/Autowired.git",
                "reference": "babfa36fb81435630ed925992d8ed9aa40a79d4d"
            },
            "dist": {
                "type": "zip",
                "url": "https://api.github.com/repos/Kdyby/Autowired/zipball/babfa36fb81435630ed925992d8ed9aa40a79d4d",
                "reference": "babfa36fb81435630ed925992d8ed9aa40a79d4d",
                "shasum": ""
            },
            "require": {
                "nette/nette": "2.1.*@dev"
            },
            "require-dev": {
                "jakub-onderka/php-parallel-lint": "~0.6",
                "nette/tester": "@dev"
            },
            "type": "library",
            "extra": {
                "branch-alias": {
                    "dev-master": "1.0-dev"
                }
            },
            "autoload": {
                "psr-0": {
                    "Kdyby\\Autowired": "src/"
                },
                "classmap": [
                    "src/Kdyby/Autowired/exceptions.php"
                ]
            },
            "notification-url": "https://packagist.org/downloads/",
            "license": [
                "BSD-3-Clause",
                "GPL-2.0",
                "GPL-3.0"
            ],
            "authors": [
                {
                    "name": "Filip Procházka",
                    "email": "filip@prochazka.su",
                    "homepage": "http://filip-prochazka.com"
                }
            ],
            "description": "Syntax sugar for working with services in Nette Framework",
            "homepage": "http://kdyby.org",
            "keywords": [
                "autowire",
                "di",
                "kdyby",
                "nette"
            ],
            "support": {
                "email": "filip@prochazka.su",
                "issues": "https://github.com/kdyby/autowired/issues",
                "source": "https://github.com/Kdyby/Autowired/tree/nette-2.1"
            },
            "time": "2014-06-14T13:07:52+00:00"
        },
        {
            "name": "nette/nette",
            "version": "v2.1.13",
            "source": {
                "type": "git",
                "url": "https://github.com/nette/nette.git",
                "reference": "5e3bb6b2f48cfd7ac0a2b22cffb32c9a715d4f76"
            },
            "dist": {
                "type": "zip",
                "url": "https://api.github.com/repos/nette/nette/zipball/5e3bb6b2f48cfd7ac0a2b22cffb32c9a715d4f76",
                "reference": "5e3bb6b2f48cfd7ac0a2b22cffb32c9a715d4f76",
                "shasum": ""
            },
            "require": {
                "ext-iconv": "*",
                "ext-tokenizer": "*",
                "php": ">=5.3.1"
            },
            "replace": {
                "latte/latte": "self.version",
                "nette/application": "self.version",
                "nette/bootstrap": "self.version",
                "nette/caching": "self.version",
                "nette/component-model": "self.version",
                "nette/database": "self.version",
                "nette/di": "self.version",
                "nette/finder": "self.version",
                "nette/forms": "self.version",
                "nette/http": "self.version",
                "nette/mail": "self.version",
                "nette/neon": "self.version",
                "nette/php-generator": "self.version",
                "nette/reflection": "self.version",
                "nette/robot-loader": "self.version",
                "nette/safe-stream": "self.version",
                "nette/security": "self.version",
                "nette/tokenizer": "self.version",
                "nette/utils": "self.version",
                "tracy/tracy": "self.version"
            },
            "require-dev": {
                "nette/tester": "~1.6"
            },
            "suggest": {
                "ext-fileinfo": "",
                "ext-gd": "",
                "ext-mbstring": "",
                "ext-pdo": ""
            },
            "type": "library",
            "autoload": {
                "files": [
                    "Nette/common/shortcuts.php"
                ],
                "classmap": [
                    "Nette/"
                ]
            },
            "notification-url": "https://packagist.org/downloads/",
            "license": [
                "BSD-3-Clause",
                "GPL-2.0",
                "GPL-3.0"
            ],
            "authors": [
                {
                    "name": "David Grudl",
                    "homepage": "https://davidgrudl.com"
                },
                {
                    "name": "Nette Community",
                    "homepage": "https://nette.org/contributors"
                }
            ],
            "description": "Nette Framework - innovative framework for fast and easy development of secured web applications in PHP. Write less, have cleaner code and your work will bring you joy.",
            "homepage": "https://nette.org",
            "keywords": [
                "Forms",
                "database",
                "debugging",
                "framework",
                "mailing",
                "mvc",
                "templating"
            ],
            "support": {
                "issues": "https://github.com/nette/nette/issues",
                "source": "https://github.com/nette/nette/tree/v2.1.13"
            },
            "time": "2020-10-07T01:34:28+00:00"
        },
        {
            "name": "oyejorge/less.php",
            "version": "v1.7.0.14",
            "source": {
                "type": "git",
                "url": "https://github.com/oyejorge/less.php.git",
                "reference": "42925c5a01a07d67ca7e82dfc8fb31814d557bc9"
            },
            "dist": {
                "type": "zip",
                "url": "https://api.github.com/repos/oyejorge/less.php/zipball/42925c5a01a07d67ca7e82dfc8fb31814d557bc9",
                "reference": "42925c5a01a07d67ca7e82dfc8fb31814d557bc9",
                "shasum": ""
            },
            "require": {
                "php": ">=5.3"
            },
            "require-dev": {
                "phpunit/phpunit": "~4.8.24"
            },
            "bin": [
                "bin/lessc"
            ],
            "type": "library",
            "autoload": {
                "psr-0": {
                    "Less": "lib/"
                },
                "classmap": [
                    "lessc.inc.php"
                ]
            },
            "notification-url": "https://packagist.org/downloads/",
            "license": [
                "Apache-2.0"
            ],
            "authors": [
                {
                    "name": "Matt Agar",
                    "homepage": "https://github.com/agar"
                },
                {
                    "name": "Martin Jantošovič",
                    "homepage": "https://github.com/Mordred"
                },
                {
                    "name": "Josh Schmidt",
                    "homepage": "https://github.com/oyejorge"
                }
            ],
            "description": "PHP port of the Javascript version of LESS http://lesscss.org (Originally maintained by Josh Schmidt)",
            "homepage": "http://lessphp.gpeasy.com",
            "keywords": [
                "css",
                "less",
                "less.js",
                "lesscss",
                "php",
                "stylesheet"
            ],
            "support": {
                "issues": "https://github.com/oyejorge/less.php/issues",
                "source": "https://github.com/oyejorge/less.php/tree/master"
            },
            "abandoned": true,
            "time": "2017-03-28T22:19:25+00:00"
        },
        {
            "name": "twbs/bootstrap",
            "version": "v3.1.1",
            "source": {
                "type": "git",
                "url": "https://github.com/twbs/bootstrap.git",
                "reference": "a365d8689c3f3cee7f1acf86b61270ecca8e106d"
            },
            "dist": {
                "type": "zip",
                "url": "https://api.github.com/repos/twbs/bootstrap/zipball/a365d8689c3f3cee7f1acf86b61270ecca8e106d",
                "reference": "a365d8689c3f3cee7f1acf86b61270ecca8e106d",
                "shasum": ""
            },
            "type": "library",
            "extra": {
                "branch-alias": {
                    "dev-master": "3.0.x-dev"
                }
            },
            "notification-url": "https://packagist.org/downloads/",
            "license": [
                "MIT"
            ],
            "authors": [
                {
                    "name": "Jacob Thornton",
                    "email": "jacobthornton@gmail.com"
                },
                {
                    "name": "Mark Otto",
                    "email": "markdotto@gmail.com"
                }
            ],
            "description": "Sleek, intuitive, and powerful mobile first front-end framework for faster and easier web development.",
            "homepage": "http://getbootstrap.com",
            "keywords": [
                "bootstrap",
                "css"
            ],
            "support": {
                "issues": "https://github.com/twbs/bootstrap/issues",
                "source": "https://github.com/twbs/bootstrap/tree/v3.1.1"
            },
            "time": "2014-02-13T17:24:59+00:00"
        }
    ],
    "packages-dev": [],
    "aliases": [],
    "minimum-stability": "stable",
    "stability-flags": {
        "kdyby/autowired": 20
    },
    "prefer-stable": false,
    "prefer-lowest": false,
    "platform": [],
    "platform-dev": [],
    "plugin-api-version": "2.2.0"
}
