{
    "_readme": [
        "This file locks the dependencies of your project to a known state",
        "Read more about it at http://getcomposer.org/doc/01-basic-usage.md#composer-lock-the-lock-file"
    ],
    "hash": "5224d61371e94160e7b8a90a499d5bda",
    "packages": [
        {
            "name": "janmarek/webloader",
            "version": "2.2.0",
            "source": {
                "type": "git",
                "url": "https://github.com/janmarek/WebLoader.git",
                "reference": "5e62831fe7ba5779b97ebd0c23439dbcef80d102"
            },
            "dist": {
                "type": "zip",
                "url": "https://api.github.com/repos/janmarek/WebLoader/zipball/5e62831fe7ba5779b97ebd0c23439dbcef80d102",
                "reference": "5e62831fe7ba5779b97ebd0c23439dbcef80d102",
                "shasum": ""
            },
            "require": {
                "nette/nette": "~2.0@rc"
            },
            "require-dev": {
                "mockery/mockery": "0.7.*",
                "phpunit/phpunit": "3.7.*"
            },
            "suggest": {
                "leafo/lessphp": "Lessphp is a composer for LESS written in PHP."
            },
            "type": "library",
            "autoload": {
                "psr-0": {
                    "WebLoader": ""
                }
            },
            "notification-url": "https://packagist.org/downloads/",
            "license": [
                "MIT"
            ],
            "authors": [
                {
                    "name": "Jan Marek",
                    "email": "mail@janmarek.net",
                    "homepage": "http://www.janmarek.net/",
                    "role": "Author"
                }
            ],
            "description": "Tool for loading or deploying CSS and JS files into web pages",
            "homepage": "http://addons.nette.org/cs/webloader",
            "keywords": [
                "assets",
                "css",
                "javascript",
                "nette",
                "webloader"
            ],
            "time": "2014-01-01 16:54:25"
        },
        {
            "name": "kdyby/autowired",
            "version": "dev-master",
            "source": {
                "type": "git",
                "url": "https://github.com/Kdyby/Autowired.git",
                "reference": "1723f8f51f667cee7fd3be6b5e537400b3599726"
            },
            "dist": {
                "type": "zip",
                "url": "https://api.github.com/repos/Kdyby/Autowired/zipball/1723f8f51f667cee7fd3be6b5e537400b3599726",
                "reference": "1723f8f51f667cee7fd3be6b5e537400b3599726",
                "shasum": ""
            },
            "require": {
                "nette/nette": "~2.1@dev"
            },
            "require-dev": {
                "nette/tester": "@dev"
            },
            "type": "library",
            "extra": {
                "branch-alias": {
                    "dev-master": "1.0-dev"
                }
            },
            "autoload": {
                "psr-0": {
                    "Kdyby\\Autowired": "src/"
                },
                "classmap": [
                    "src/Kdyby/Autowired/exceptions.php"
                ]
            },
            "notification-url": "https://packagist.org/downloads/",
            "license": [
                "BSD-3-Clause",
                "GPL-2.0",
                "GPL-3.0"
            ],
            "authors": [
                {
                    "name": "Filip Procházka",
                    "homepage": "http://filip-prochazka.com"
                }
            ],
            "description": "Syntax sugar for working with services in Nette Framework",
            "homepage": "http://kdyby.org",
            "keywords": [
                "autowire",
                "di",
                "kdyby",
                "nette"
            ],
            "time": "2014-02-09 01:11:19"
        },
        {
            "name": "nette/nette",
            "version": "v2.1.1",
            "source": {
                "type": "git",
                "url": "https://github.com/nette/nette.git",
                "reference": "9e7e5fc5921053172dbacecda2c06d749f89a71b"
            },
            "dist": {
                "type": "zip",
                "url": "https://api.github.com/repos/nette/nette/zipball/9e7e5fc5921053172dbacecda2c06d749f89a71b",
                "reference": "9e7e5fc5921053172dbacecda2c06d749f89a71b",
                "shasum": ""
            },
            "require": {
                "ext-iconv": "*",
                "ext-tokenizer": "*",
                "php": ">=5.3.1"
            },
            "require-dev": {
                "nette/tester": "~1.0.0"
            },
            "suggest": {
                "ext-fileinfo": "*",
                "ext-gd": "*",
                "ext-mbstring": "*",
                "ext-pdo": "*"
            },
            "type": "library",
            "autoload": {
                "classmap": [
                    "Nette/"
                ],
                "files": [
                    "Nette/common/shortcuts.php"
                ]
            },
            "notification-url": "https://packagist.org/downloads/",
            "license": [
                "BSD-3-Clause",
                "GPL-2.0",
                "GPL-3.0"
            ],
            "authors": [
                {
                    "name": "David Grudl",
                    "homepage": "http://davidgrudl.com"
                },
                {
                    "name": "Nette Community",
                    "homepage": "http://nette.org/contributors"
                }
            ],
            "description": "Nette Framework - innovative framework for fast and easy development of secured web applications in PHP. Write less, have cleaner code and your work will bring you joy.",
            "homepage": "http://nette.org",
            "keywords": [
                "Forms",
                "database",
                "debugging",
                "framework",
                "mailing",
                "mvc",
                "templating"
            ],
            "time": "2014-02-11 04:51:20"
        },
        {
            "name": "oyejorge/less.php",
            "version": "v1.7.0",
            "source": {
                "type": "git",
                "url": "https://github.com/oyejorge/less.php.git",
                "reference": "2a18bec4b1753ffe5cad9e7ae1586b7990297316"
            },
            "dist": {
                "type": "zip",
                "url": "https://api.github.com/repos/oyejorge/less.php/zipball/2a18bec4b1753ffe5cad9e7ae1586b7990297316",
                "reference": "2a18bec4b1753ffe5cad9e7ae1586b7990297316",
                "shasum": ""
            },
            "require": {
                "php": ">=5.2"
            },
            "bin": [
                "bin/lessc"
            ],
            "type": "library",
            "autoload": {
                "psr-0": {
                    "Less": "lib/"
                },
                "classmap": [
                    "lessc.inc.php"
                ]
            },
            "notification-url": "https://packagist.org/downloads/",
            "license": [
                "Apache-2.0"
            ],
            "authors": [
                {
                    "name": "Matt Agar",
                    "homepage": "https://github.com/agar"
                },
                {
                    "name": "Martin Jantošovič",
                    "homepage": "https://github.com/Mordred"
                },
                {
                    "name": "Josh Schmidt",
                    "homepage": "https://github.com/oyejorge"
                }
            ],
            "description": "PHP port of the Javascript version of LESS http://lesscss.org",
            "homepage": "http://lessphp.gpeasy.com",
            "keywords": [
                "css",
                "less",
                "less.js",
                "lesscss",
                "php",
                "stylesheet"
            ],
            "time": "2014-03-04 19:02:04"
        },
        {
            "name": "twbs/bootstrap",
            "version": "v3.1.1",
            "source": {
                "type": "git",
                "url": "https://github.com/twbs/bootstrap.git",
                "reference": "a365d8689c3f3cee7f1acf86b61270ecca8e106d"
            },
            "dist": {
                "type": "zip",
                "url": "https://api.github.com/repos/twbs/bootstrap/zipball/a365d8689c3f3cee7f1acf86b61270ecca8e106d",
                "reference": "a365d8689c3f3cee7f1acf86b61270ecca8e106d",
                "shasum": ""
            },
            "type": "library",
            "extra": {
                "branch-alias": {
                    "dev-master": "3.0.x-dev"
                }
            },
            "notification-url": "https://packagist.org/downloads/",
            "license": [
                "MIT"
            ],
            "authors": [
                {
                    "name": "Jacob Thornton",
                    "email": "jacobthornton@gmail.com"
                },
                {
                    "name": "Mark Otto",
                    "email": "markdotto@gmail.com"
                }
            ],
            "description": "Sleek, intuitive, and powerful mobile first front-end framework for faster and easier web development.",
            "homepage": "http://getbootstrap.com",
            "keywords": [
                "bootstrap",
                "css"
            ],
            "time": "2014-02-13 17:24:59"
        }
    ],
    "packages-dev": [
        {
            "name": "nette/tester",
            "version": "v0.9.5",
            "source": {
                "type": "git",
                "url": "https://github.com/nette/tester.git",
                "reference": "812b5ab2f59b0d742dd30035865467ec0b2f6ee7"
            },
            "dist": {
                "type": "zip",
                "url": "https://api.github.com/repos/nette/tester/zipball/812b5ab2f59b0d742dd30035865467ec0b2f6ee7",
                "reference": "812b5ab2f59b0d742dd30035865467ec0b2f6ee7",
                "shasum": ""
            },
            "require": {
                "php": ">=5.3.0"
            },
            "bin": [
                "Tester/tester",
                "Tester/coverage-report"
            ],
            "type": "library",
            "autoload": {
                "classmap": [
                    "Tester/"
                ]
            },
            "notification-url": "https://packagist.org/downloads/",
            "license": [
                "BSD-3-Clause",
                "GPL-2.0",
                "GPL-3.0"
            ],
            "authors": [
                {
                    "name": "David Grudl",
                    "homepage": "http://davidgrudl.com"
                },
                {
                    "name": "Nette Community",
                    "homepage": "http://nette.org/contributors"
                }
            ],
            "description": "An easy-to-use PHP Unit Testing framework.",
            "homepage": "http://nette.org",
            "keywords": [
                "nette",
                "testing",
                "unit"
            ],
            "time": "2013-12-30 23:49:37"
        }
    ],
    "aliases": [

    ],
    "minimum-stability": "stable",
    "stability-flags": {
        "kdyby/autowired": 20
    },
    "platform": [

    ],
    "platform-dev": [

    ]
}
