{
    "_readme": [
        "This file locks the dependencies of your project to a known state",
        "Read more about it at https://getcomposer.org/doc/01-basic-usage.md#composer-lock-the-lock-file",
        "This file is @generated automatically"
    ],
    "hash": "5224d61371e94160e7b8a90a499d5bda",
    "content-hash": "0453ca42b2821648bcddc8538666fdac",
    "packages": [
        {
            "name": "janmarek/webloader",
            "version": "2.2.0",
            "source": {
                "type": "git",
                "url": "https://github.com/janmarek/WebLoader.git",
                "reference": "5e62831fe7ba5779b97ebd0c23439dbcef80d102"
            },
            "dist": {
                "type": "zip",
                "url": "https://api.github.com/repos/janmarek/WebLoader/zipball/5e62831fe7ba5779b97ebd0c23439dbcef80d102",
                "reference": "5e62831fe7ba5779b97ebd0c23439dbcef80d102",
                "shasum": ""
            },
            "require": {
                "nette/nette": "~2.0@rc"
            },
            "require-dev": {
                "mockery/mockery": "0.7.*",
                "phpunit/phpunit": "3.7.*"
            },
            "suggest": {
                "leafo/lessphp": "Lessphp is a composer for LESS written in PHP."
            },
            "type": "library",
            "autoload": {
                "psr-0": {
                    "WebLoader": ""
                }
            },
            "notification-url": "https://vendor.org/downloads/",
            "license": [
                "MIT"
            ],
            "authors": [
                {
                    "name": "Jan Marek",
                    "email": "mail@janmarek.net",
                    "homepage": "http://www.janmarek.net/",
                    "role": "Author"
                }
            ],
            "description": "Tool for loading or deploying CSS and JS files into web pages",
            "homepage": "http://addons.nette.org/cs/webloader",
            "keywords": [
                "assets",
                "css",
                "javascript",
                "nette",
                "webloader"
            ],
            "time": "2014-01-01 16:54:25"
        },
        {
            "name": "kdyby/autowired",
            "version": "v1.1.1",
            "source": {
                "type": "git",
                "url": "https://github.com/Kdyby/Autowired.git",
                "reference": "babfa36fb81435630ed925992d8ed9aa40a79d4d"
            },
            "dist": {
                "type": "zip",
                "url": "https://api.github.com/repos/Kdyby/Autowired/zipball/babfa36fb81435630ed925992d8ed9aa40a79d4d",
                "reference": "babfa36fb81435630ed925992d8ed9aa40a79d4d",
                "shasum": ""
            },
            "require": {
                "nette/nette": "2.1.*@dev"
            },
            "require-dev": {
                "jakub-onderka/php-parallel-lint": "~0.6",
                "nette/tester": "@dev"
            },
            "type": "library",
            "extra": {
                "branch-alias": {
                    "dev-master": "1.0-dev"
                }
            },
            "autoload": {
                "psr-0": {
                    "Kdyby\\Autowired": "src/"
                },
                "classmap": [
                    "src/Kdyby/Autowired/exceptions.php"
                ]
            },
            "notification-url": "https://vendor.org/downloads/",
            "license": [
                "BSD-3-Clause",
                "GPL-2.0",
                "GPL-3.0"
            ],
            "authors": [
                {
                    "name": "Filip Procházka",
                    "email": "filip@prochazka.su",
                    "homepage": "http://filip-prochazka.com"
                }
            ],
            "description": "Syntax sugar for working with services in Nette Framework",
            "homepage": "http://kdyby.org",
            "keywords": [
                "autowire",
                "di",
                "kdyby",
                "nette"
            ],
            "time": "2014-06-14 13:07:52"
        },
        {
            "name": "nette/nette",
            "version": "v2.1.12",
            "source": {
                "type": "git",
                "url": "https://github.com/nette/nette.git",
                "reference": "180d31fdae2b91ff6e98d7588d123f3d33f8c1de"
            },
            "dist": {
                "type": "zip",
                "url": "https://api.github.com/repos/nette/nette/zipball/180d31fdae2b91ff6e98d7588d123f3d33f8c1de",
                "reference": "180d31fdae2b91ff6e98d7588d123f3d33f8c1de",
                "shasum": ""
            },
            "require": {
                "ext-iconv": "*",
                "ext-tokenizer": "*",
                "php": ">=5.3.1"
            },
            "replace": {
                "latte/latte": "self.version",
                "nette/application": "self.version",
                "nette/bootstrap": "self.version",
                "nette/caching": "self.version",
                "nette/component-model": "self.version",
                "nette/database": "self.version",
                "nette/di": "self.version",
                "nette/finder": "self.version",
                "nette/forms": "self.version",
                "nette/http": "self.version",
                "nette/mail": "self.version",
                "nette/neon": "self.version",
                "nette/php-generator": "self.version",
                "nette/reflection": "self.version",
                "nette/robot-loader": "self.version",
                "nette/safe-stream": "self.version",
                "nette/security": "self.version",
                "nette/tokenizer": "self.version",
                "nette/utils": "self.version",
                "tracy/tracy": "self.version"
            },
            "require-dev": {
                "nette/tester": "~1.6"
            },
            "suggest": {
                "ext-fileinfo": "",
                "ext-gd": "",
                "ext-mbstring": "",
                "ext-pdo": ""
            },
            "type": "library",
            "autoload": {
                "classmap": [
                    "Nette/"
                ],
                "files": [
                    "Nette/common/shortcuts.php"
                ]
            },
            "notification-url": "https://vendor.org/downloads/",
            "license": [
                "BSD-3-Clause",
                "GPL-2.0",
                "GPL-3.0"
            ],
            "authors": [
                {
                    "name": "David Grudl",
                    "homepage": "https://davidgrudl.com"
                },
                {
                    "name": "Nette Community",
                    "homepage": "https://nette.org/contributors"
                }
            ],
            "description": "Nette Framework - innovative framework for fast and easy development of secured web applications in PHP. Write less, have cleaner code and your work will bring you joy.",
            "homepage": "https://nette.org",
            "keywords": [
                "Forms",
                "database",
                "debugging",
                "framework",
                "mailing",
                "mvc",
                "templating"
            ],
            "time": "2015-12-03 04:17:19"
        },
        {
            "name": "oyejorge/less.php",
            "version": "v1.7.0.2",
            "source": {
                "type": "git",
                "url": "https://github.com/oyejorge/less.php.git",
                "reference": "82372b389386ae1edab55495eae4b400cca3c86c"
            },
            "dist": {
                "type": "zip",
                "url": "https://api.github.com/repos/oyejorge/less.php/zipball/82372b389386ae1edab55495eae4b400cca3c86c",
                "reference": "82372b389386ae1edab55495eae4b400cca3c86c",
                "shasum": ""
            },
            "require": {
                "php": ">=5.2"
            },
            "bin": [
                "bin/lessc"
            ],
            "type": "library",
            "autoload": {
                "psr-0": {
                    "Less": "lib/"
                },
                "classmap": [
                    "lessc.inc.php"
                ]
            },
            "notification-url": "https://vendor.org/downloads/",
            "license": [
                "Apache-2.0"
            ],
            "authors": [
                {
                    "name": "Matt Agar",
                    "homepage": "https://github.com/agar"
                },
                {
                    "name": "Martin Jantošovič",
                    "homepage": "https://github.com/Mordred"
                },
                {
                    "name": "Josh Schmidt",
                    "homepage": "https://github.com/oyejorge"
                }
            ],
            "description": "PHP port of the Javascript version of LESS http://lesscss.org",
            "homepage": "http://lessphp.gpeasy.com",
            "keywords": [
                "css",
                "less",
                "less.js",
                "lesscss",
                "php",
                "stylesheet"
            ],
            "abandoned": true,
            "time": "2014-06-05 16:09:50"
        },
        {
            "name": "twbs/bootstrap",
            "version": "v3.1.1",
            "source": {
                "type": "git",
                "url": "https://github.com/twbs/bootstrap.git",
                "reference": "a365d8689c3f3cee7f1acf86b61270ecca8e106d"
            },
            "dist": {
                "type": "zip",
                "url": "https://api.github.com/repos/twbs/bootstrap/zipball/a365d8689c3f3cee7f1acf86b61270ecca8e106d",
                "reference": "a365d8689c3f3cee7f1acf86b61270ecca8e106d",
                "shasum": ""
            },
            "type": "library",
            "extra": {
                "branch-alias": {
                    "dev-master": "3.0.x-dev"
                }
            },
            "notification-url": "https://vendor.org/downloads/",
            "license": [
                "MIT"
            ],
            "authors": [
                {
                    "name": "Jacob Thornton",
                    "email": "jacobthornton@gmail.com"
                },
                {
                    "name": "Mark Otto",
                    "email": "markdotto@gmail.com"
                }
            ],
            "description": "Sleek, intuitive, and powerful mobile first front-end framework for faster and easier web development.",
            "homepage": "http://getbootstrap.com",
            "keywords": [
                "bootstrap",
                "css"
            ],
            "time": "2014-02-13 17:24:59"
        }
    ],
    "packages-dev": [
        {
            "name": "nette/tester",
            "version": "v0.9.5",
            "source": {
                "type": "git",
                "url": "https://github.com/nette/tester.git",
                "reference": "812b5ab2f59b0d742dd30035865467ec0b2f6ee7"
            },
            "dist": {
                "type": "zip",
                "url": "https://api.github.com/repos/nette/tester/zipball/812b5ab2f59b0d742dd30035865467ec0b2f6ee7",
                "reference": "812b5ab2f59b0d742dd30035865467ec0b2f6ee7",
                "shasum": ""
            },
            "require": {
                "php": ">=5.3.0"
            },
            "bin": [
                "Tester/tester",
                "Tester/coverage-report"
            ],
            "type": "library",
            "autoload": {
                "classmap": [
                    "Tester/"
                ]
            },
            "notification-url": "https://vendor.org/downloads/",
            "license": [
                "BSD-3-Clause",
                "GPL-2.0",
                "GPL-3.0"
            ],
            "authors": [
                {
                    "name": "David Grudl",
                    "homepage": "http://davidgrudl.com"
                },
                {
                    "name": "Nette Community",
                    "homepage": "http://nette.org/contributors"
                }
            ],
            "description": "An easy-to-use PHP Unit Testing framework.",
            "homepage": "http://nette.org",
            "keywords": [
                "nette",
                "testing",
                "unit"
            ],
            "time": "2013-12-30 23:49:37"
        }
    ],
    "aliases": [],
    "minimum-stability": "stable",
    "stability-flags": {
        "kdyby/autowired": 20
    },
    "prefer-stable": false,
    "prefer-lowest": false,
    "platform": [],
    "platform-dev": []
}
